
Microsoft Visual Studio Solution File, Format Version 12.00
# Visual Studio 15
VisualStudioVersion = 15.0.27130.2020
MinimumVisualStudioVersion = 10.0.40219.1
Project("{FAE04EC0-301F-11D3-BF4B-00C04F79EFBC}") = "01.BankAccount", "01.BankAccount\01.BankAccount.csproj", "{57C9AAC4-727A-40B6-8332-803712CDBC67}"
EndProject
Project("{FAE04EC0-301F-11D3-BF4B-00C04F79EFBC}") = "02.BankAccountMethods", "02.BankAccountMethods\02.BankAccountMethods.csproj", "{94281F5A-D70D-4FDE-BA8A-A9F909B23AC2}"
EndProject
Project("{FAE04EC0-301F-11D3-BF4B-00C04F79EFBC}") = "03.TestClient", "03.TestClient\03.TestClient.csproj", "{C50A5A43-83AD-4829-897B-492C9F6B8B49}"
EndProject
Project("{FAE04EC0-301F-11D3-BF4B-00C04F79EFBC}") = "04.DefinePersonClass", "04.DefinePersonClass\04.DefinePersonClass.csproj", "{97E7F371-0EB5-47CA-90ED-9B1C71B126D2}"
EndProject
Global
	GlobalSection(SolutionConfigurationPlatforms) = preSolution
		Debug|Any CPU = Debug|Any CPU
		Release|Any CPU = Release|Any CPU
	EndGlobalSection
	GlobalSection(ProjectConfigurationPlatforms) = postSolution
		{57C9AAC4-727A-40B6-8332-803712CDBC67}.Debug|Any CPU.ActiveCfg = Debug|Any CPU
		{57C9AAC4-727A-40B6-8332-803712CDBC67}.Debug|Any CPU.Build.0 = Debug|Any CPU
		{57C9AAC4-727A-40B6-8332-803712CDBC67}.Release|Any CPU.ActiveCfg = Release|Any CPU
		{57C9AAC4-727A-40B6-8332-803712CDBC67}.Release|Any CPU.Build.0 = Release|Any CPU
		{94281F5A-D70D-4FDE-BA8A-A9F909B23AC2}.Debug|Any CPU.ActiveCfg = Debug|Any CPU
		{94281F5A-D70D-4FDE-BA8A-A9F909B23AC2}.Debug|Any CPU.Build.0 = Debug|Any CPU
		{94281F5A-D70D-4FDE-BA8A-A9F909B23AC2}.Release|Any CPU.ActiveCfg = Release|Any CPU
		{94281F5A-D70D-4FDE-BA8A-A9F909B23AC2}.Release|Any CPU.Build.0 = Release|Any CPU
		{C50A5A43-83AD-4829-897B-492C9F6B8B49}.Debug|Any CPU.ActiveCfg = Debug|Any CPU
		{C50A5A43-83AD-4829-897B-492C9F6B8B49}.Debug|Any CPU.Build.0 = Debug|Any CPU
		{C50A5A43-83AD-4829-897B-492C9F6B8B49}.Release|Any CPU.ActiveCfg = Release|Any CPU
		{C50A5A43-83AD-4829-897B-492C9F6B8B49}.Release|Any CPU.Build.0 = Release|Any CPU
		{97E7F371-0EB5-47CA-90ED-9B1C71B126D2}.Debug|Any CPU.ActiveCfg = Debug|Any CPU
		{97E7F371-0EB5-47CA-90ED-9B1C71B126D2}.Debug|Any CPU.Build.0 = Debug|Any CPU
		{97E7F371-0EB5-47CA-90ED-9B1C71B126D2}.Release|Any CPU.ActiveCfg = Release|Any CPU
		{97E7F371-0EB5-47CA-90ED-9B1C71B126D2}.Release|Any CPU.Build.0 = Release|Any CPU
	EndGlobalSection
	GlobalSection(SolutionProperties) = preSolution
		HideSolutionNode = FALSE
	EndGlobalSection
	GlobalSection(ExtensibilityGlobals) = postSolution
		SolutionGuid = {4B867EE6-6B11-442A-A84A-7D1C30D9317E}
	EndGlobalSection
EndGlobal
