
Microsoft Visual Studio Solution File, Format Version 12.00
# Visual Studio 15
VisualStudioVersion = 15.0.27130.2020
MinimumVisualStudioVersion = 10.0.40219.1
Project("{FAE04EC0-301F-11D3-BF4B-00C04F79EFBC}") = "01.FillTheMatrix", "01.FillTheMatrix\01.FillTheMatrix.csproj", "{D82F1D0F-0467-4742-90D8-13D8CAFCB6BD}"
EndProject
Project("{FAE04EC0-301F-11D3-BF4B-00C04F79EFBC}") = "02.SumMatrixElements", "02.SumMatrixElements\02.SumMatrixElements.csproj", "{68AAE293-0AF5-4FEA-B8AD-51C4C29469A1}"
EndProject
Project("{FAE04EC0-301F-11D3-BF4B-00C04F79EFBC}") = "03.SquareWithMaximumSum", "03.SquareWithMaximumSum\03.SquareWithMaximumSum.csproj", "{9B9944BA-3E6C-4A0A-8438-72CF0F466A52}"
EndProject
Project("{FAE04EC0-301F-11D3-BF4B-00C04F79EFBC}") = "04.GroupNumbers", "04.GroupNumbers\04.GroupNumbers.csproj", "{3C69B54C-83A0-4301-88AA-DE7245909075}"
EndProject
Project("{FAE04EC0-301F-11D3-BF4B-00C04F79EFBC}") = "05.PascalTriangle", "05.PascalTriangle\05.PascalTriangle.csproj", "{BA15BFAE-E7A4-4B9D-BF82-60B8F4B65334}"
EndProject
Global
	GlobalSection(SolutionConfigurationPlatforms) = preSolution
		Debug|Any CPU = Debug|Any CPU
		Release|Any CPU = Release|Any CPU
	EndGlobalSection
	GlobalSection(ProjectConfigurationPlatforms) = postSolution
		{D82F1D0F-0467-4742-90D8-13D8CAFCB6BD}.Debug|Any CPU.ActiveCfg = Debug|Any CPU
		{D82F1D0F-0467-4742-90D8-13D8CAFCB6BD}.Debug|Any CPU.Build.0 = Debug|Any CPU
		{D82F1D0F-0467-4742-90D8-13D8CAFCB6BD}.Release|Any CPU.ActiveCfg = Release|Any CPU
		{D82F1D0F-0467-4742-90D8-13D8CAFCB6BD}.Release|Any CPU.Build.0 = Release|Any CPU
		{68AAE293-0AF5-4FEA-B8AD-51C4C29469A1}.Debug|Any CPU.ActiveCfg = Debug|Any CPU
		{68AAE293-0AF5-4FEA-B8AD-51C4C29469A1}.Debug|Any CPU.Build.0 = Debug|Any CPU
		{68AAE293-0AF5-4FEA-B8AD-51C4C29469A1}.Release|Any CPU.ActiveCfg = Release|Any CPU
		{68AAE293-0AF5-4FEA-B8AD-51C4C29469A1}.Release|Any CPU.Build.0 = Release|Any CPU
		{9B9944BA-3E6C-4A0A-8438-72CF0F466A52}.Debug|Any CPU.ActiveCfg = Debug|Any CPU
		{9B9944BA-3E6C-4A0A-8438-72CF0F466A52}.Debug|Any CPU.Build.0 = Debug|Any CPU
		{9B9944BA-3E6C-4A0A-8438-72CF0F466A52}.Release|Any CPU.ActiveCfg = Release|Any CPU
		{9B9944BA-3E6C-4A0A-8438-72CF0F466A52}.Release|Any CPU.Build.0 = Release|Any CPU
		{3C69B54C-83A0-4301-88AA-DE7245909075}.Debug|Any CPU.ActiveCfg = Debug|Any CPU
		{3C69B54C-83A0-4301-88AA-DE7245909075}.Debug|Any CPU.Build.0 = Debug|Any CPU
		{3C69B54C-83A0-4301-88AA-DE7245909075}.Release|Any CPU.ActiveCfg = Release|Any CPU
		{3C69B54C-83A0-4301-88AA-DE7245909075}.Release|Any CPU.Build.0 = Release|Any CPU
		{BA15BFAE-E7A4-4B9D-BF82-60B8F4B65334}.Debug|Any CPU.ActiveCfg = Debug|Any CPU
		{BA15BFAE-E7A4-4B9D-BF82-60B8F4B65334}.Debug|Any CPU.Build.0 = Debug|Any CPU
		{BA15BFAE-E7A4-4B9D-BF82-60B8F4B65334}.Release|Any CPU.ActiveCfg = Release|Any CPU
		{BA15BFAE-E7A4-4B9D-BF82-60B8F4B65334}.Release|Any CPU.Build.0 = Release|Any CPU
	EndGlobalSection
	GlobalSection(SolutionProperties) = preSolution
		HideSolutionNode = FALSE
	EndGlobalSection
	GlobalSection(ExtensibilityGlobals) = postSolution
		SolutionGuid = {6BF1D10B-403B-4B06-8C4F-6C6B813121F8}
	EndGlobalSection
EndGlobal
