
Microsoft Visual Studio Solution File, Format Version 12.00
# Visual Studio 15
VisualStudioVersion = 15.0.27130.2020
MinimumVisualStudioVersion = 10.0.40219.1
Project("{FAE04EC0-301F-11D3-BF4B-00C04F79EFBC}") = "01.SortEvenNumbers", "01.SortEvenNumbers\01.SortEvenNumbers.csproj", "{22F974DA-C9DF-4A11-8496-9126CEFBCED2}"
EndProject
Project("{FAE04EC0-301F-11D3-BF4B-00C04F79EFBC}") = "02.SumNumbers", "02.SumNumbers\02.SumNumbers.csproj", "{E8FA28A8-B308-488C-87FF-B1D4472DEF2D}"
EndProject
Project("{FAE04EC0-301F-11D3-BF4B-00C04F79EFBC}") = "03.CountUppcaseWords", "03.CountUppcaseWords\03.CountUppcaseWords.csproj", "{4EEEE247-D887-42CF-958E-31A110FDD3FF}"
EndProject
Project("{FAE04EC0-301F-11D3-BF4B-00C04F79EFBC}") = "04.AddVAT", "04.AddVAT\04.AddVAT.csproj", "{67D19EA6-F357-4D6F-B130-668C14B76D0F}"
EndProject
Project("{FAE04EC0-301F-11D3-BF4B-00C04F79EFBC}") = "05.FilterByAge", "05.FilterByAge\05.FilterByAge.csproj", "{6C6B4052-B35C-4A3E-8670-7AC58573DDE2}"
EndProject
Global
	GlobalSection(SolutionConfigurationPlatforms) = preSolution
		Debug|Any CPU = Debug|Any CPU
		Release|Any CPU = Release|Any CPU
	EndGlobalSection
	GlobalSection(ProjectConfigurationPlatforms) = postSolution
		{22F974DA-C9DF-4A11-8496-9126CEFBCED2}.Debug|Any CPU.ActiveCfg = Debug|Any CPU
		{22F974DA-C9DF-4A11-8496-9126CEFBCED2}.Debug|Any CPU.Build.0 = Debug|Any CPU
		{22F974DA-C9DF-4A11-8496-9126CEFBCED2}.Release|Any CPU.ActiveCfg = Release|Any CPU
		{22F974DA-C9DF-4A11-8496-9126CEFBCED2}.Release|Any CPU.Build.0 = Release|Any CPU
		{E8FA28A8-B308-488C-87FF-B1D4472DEF2D}.Debug|Any CPU.ActiveCfg = Debug|Any CPU
		{E8FA28A8-B308-488C-87FF-B1D4472DEF2D}.Debug|Any CPU.Build.0 = Debug|Any CPU
		{E8FA28A8-B308-488C-87FF-B1D4472DEF2D}.Release|Any CPU.ActiveCfg = Release|Any CPU
		{E8FA28A8-B308-488C-87FF-B1D4472DEF2D}.Release|Any CPU.Build.0 = Release|Any CPU
		{4EEEE247-D887-42CF-958E-31A110FDD3FF}.Debug|Any CPU.ActiveCfg = Debug|Any CPU
		{4EEEE247-D887-42CF-958E-31A110FDD3FF}.Debug|Any CPU.Build.0 = Debug|Any CPU
		{4EEEE247-D887-42CF-958E-31A110FDD3FF}.Release|Any CPU.ActiveCfg = Release|Any CPU
		{4EEEE247-D887-42CF-958E-31A110FDD3FF}.Release|Any CPU.Build.0 = Release|Any CPU
		{67D19EA6-F357-4D6F-B130-668C14B76D0F}.Debug|Any CPU.ActiveCfg = Debug|Any CPU
		{67D19EA6-F357-4D6F-B130-668C14B76D0F}.Debug|Any CPU.Build.0 = Debug|Any CPU
		{67D19EA6-F357-4D6F-B130-668C14B76D0F}.Release|Any CPU.ActiveCfg = Release|Any CPU
		{67D19EA6-F357-4D6F-B130-668C14B76D0F}.Release|Any CPU.Build.0 = Release|Any CPU
		{6C6B4052-B35C-4A3E-8670-7AC58573DDE2}.Debug|Any CPU.ActiveCfg = Debug|Any CPU
		{6C6B4052-B35C-4A3E-8670-7AC58573DDE2}.Debug|Any CPU.Build.0 = Debug|Any CPU
		{6C6B4052-B35C-4A3E-8670-7AC58573DDE2}.Release|Any CPU.ActiveCfg = Release|Any CPU
		{6C6B4052-B35C-4A3E-8670-7AC58573DDE2}.Release|Any CPU.Build.0 = Release|Any CPU
	EndGlobalSection
	GlobalSection(SolutionProperties) = preSolution
		HideSolutionNode = FALSE
	EndGlobalSection
	GlobalSection(ExtensibilityGlobals) = postSolution
		SolutionGuid = {FB74ECCF-EA7C-401F-9C42-EF1FD36D6115}
	EndGlobalSection
EndGlobal
