
Microsoft Visual Studio Solution File, Format Version 12.00
# Visual Studio 15
VisualStudioVersion = 15.0.27130.2020
MinimumVisualStudioVersion = 10.0.40219.1
Project("{9A19103F-16F7-4668-BE54-9A1E7A4F7556}") = "01.RawData", "01.RawData\01.RawData.csproj", "{28AB50BD-CBDB-468B-A22D-3CCD8D06B42C}"
EndProject
Project("{9A19103F-16F7-4668-BE54-9A1E7A4F7556}") = "02.CasSalesman", "02.CasSalesman\02.CasSalesman.csproj", "{9978F18B-1A09-4417-8D21-E2E95BB37A8A}"
EndProject
Project("{9A19103F-16F7-4668-BE54-9A1E7A4F7556}") = "03.JediGalaxy", "03.JediGalaxy\03.JediGalaxy.csproj", "{22F102A1-7223-48F0-87BD-E52533D42DD9}"
EndProject
Project("{9A19103F-16F7-4668-BE54-9A1E7A4F7556}") = "04.Hospital", "04.Hospital\04.Hospital.csproj", "{E9D54E6C-DC78-4CB3-AC04-3EEB4BD28FF3}"
EndProject
Project("{9A19103F-16F7-4668-BE54-9A1E7A4F7556}") = "05.GreedyTimes", "05.GreedyTimes\05.GreedyTimes.csproj", "{2BA69F05-F4BF-4F5E-AE21-7BA35961A40F}"
EndProject
Project("{FAE04EC0-301F-11D3-BF4B-00C04F79EFBC}") = "06.Sneaking", "06.Sneaking\06.Sneaking.csproj", "{C7BC29E3-3325-43D1-872D-DA0F2776658F}"
EndProject
Project("{FAE04EC0-301F-11D3-BF4B-00C04F79EFBC}") = "07.FamilyTree", "07.FamilyTree\07.FamilyTree.csproj", "{154BA3CC-B8E7-45DC-BB8F-91BCD8589E4E}"
EndProject
Global
	GlobalSection(SolutionConfigurationPlatforms) = preSolution
		Debug|Any CPU = Debug|Any CPU
		Release|Any CPU = Release|Any CPU
	EndGlobalSection
	GlobalSection(ProjectConfigurationPlatforms) = postSolution
		{28AB50BD-CBDB-468B-A22D-3CCD8D06B42C}.Debug|Any CPU.ActiveCfg = Debug|Any CPU
		{28AB50BD-CBDB-468B-A22D-3CCD8D06B42C}.Debug|Any CPU.Build.0 = Debug|Any CPU
		{28AB50BD-CBDB-468B-A22D-3CCD8D06B42C}.Release|Any CPU.ActiveCfg = Release|Any CPU
		{28AB50BD-CBDB-468B-A22D-3CCD8D06B42C}.Release|Any CPU.Build.0 = Release|Any CPU
		{9978F18B-1A09-4417-8D21-E2E95BB37A8A}.Debug|Any CPU.ActiveCfg = Debug|Any CPU
		{9978F18B-1A09-4417-8D21-E2E95BB37A8A}.Debug|Any CPU.Build.0 = Debug|Any CPU
		{9978F18B-1A09-4417-8D21-E2E95BB37A8A}.Release|Any CPU.ActiveCfg = Release|Any CPU
		{9978F18B-1A09-4417-8D21-E2E95BB37A8A}.Release|Any CPU.Build.0 = Release|Any CPU
		{22F102A1-7223-48F0-87BD-E52533D42DD9}.Debug|Any CPU.ActiveCfg = Debug|Any CPU
		{22F102A1-7223-48F0-87BD-E52533D42DD9}.Debug|Any CPU.Build.0 = Debug|Any CPU
		{22F102A1-7223-48F0-87BD-E52533D42DD9}.Release|Any CPU.ActiveCfg = Release|Any CPU
		{22F102A1-7223-48F0-87BD-E52533D42DD9}.Release|Any CPU.Build.0 = Release|Any CPU
		{E9D54E6C-DC78-4CB3-AC04-3EEB4BD28FF3}.Debug|Any CPU.ActiveCfg = Debug|Any CPU
		{E9D54E6C-DC78-4CB3-AC04-3EEB4BD28FF3}.Debug|Any CPU.Build.0 = Debug|Any CPU
		{E9D54E6C-DC78-4CB3-AC04-3EEB4BD28FF3}.Release|Any CPU.ActiveCfg = Release|Any CPU
		{E9D54E6C-DC78-4CB3-AC04-3EEB4BD28FF3}.Release|Any CPU.Build.0 = Release|Any CPU
		{2BA69F05-F4BF-4F5E-AE21-7BA35961A40F}.Debug|Any CPU.ActiveCfg = Debug|Any CPU
		{2BA69F05-F4BF-4F5E-AE21-7BA35961A40F}.Debug|Any CPU.Build.0 = Debug|Any CPU
		{2BA69F05-F4BF-4F5E-AE21-7BA35961A40F}.Release|Any CPU.ActiveCfg = Release|Any CPU
		{2BA69F05-F4BF-4F5E-AE21-7BA35961A40F}.Release|Any CPU.Build.0 = Release|Any CPU
		{C7BC29E3-3325-43D1-872D-DA0F2776658F}.Debug|Any CPU.ActiveCfg = Debug|Any CPU
		{C7BC29E3-3325-43D1-872D-DA0F2776658F}.Debug|Any CPU.Build.0 = Debug|Any CPU
		{C7BC29E3-3325-43D1-872D-DA0F2776658F}.Release|Any CPU.ActiveCfg = Release|Any CPU
		{C7BC29E3-3325-43D1-872D-DA0F2776658F}.Release|Any CPU.Build.0 = Release|Any CPU
		{154BA3CC-B8E7-45DC-BB8F-91BCD8589E4E}.Debug|Any CPU.ActiveCfg = Debug|Any CPU
		{154BA3CC-B8E7-45DC-BB8F-91BCD8589E4E}.Debug|Any CPU.Build.0 = Debug|Any CPU
		{154BA3CC-B8E7-45DC-BB8F-91BCD8589E4E}.Release|Any CPU.ActiveCfg = Release|Any CPU
		{154BA3CC-B8E7-45DC-BB8F-91BCD8589E4E}.Release|Any CPU.Build.0 = Release|Any CPU
	EndGlobalSection
	GlobalSection(SolutionProperties) = preSolution
		HideSolutionNode = FALSE
	EndGlobalSection
	GlobalSection(ExtensibilityGlobals) = postSolution
		SolutionGuid = {8866DCA7-B48E-4BF0-B1C9-982E6095BDB7}
	EndGlobalSection
EndGlobal
