
Microsoft Visual Studio Solution File, Format Version 12.00
# Visual Studio 15
VisualStudioVersion = 15.0.27130.2020
MinimumVisualStudioVersion = 10.0.40219.1
Project("{FAE04EC0-301F-11D3-BF4B-00C04F79EFBC}") = "01.ReverseStrings", "01.ReverseStrings\01.ReverseStrings.csproj", "{7647529E-9D4C-40C0-BCDE-B2974AEFA549}"
EndProject
Project("{FAE04EC0-301F-11D3-BF4B-00C04F79EFBC}") = "02.SimpleCalculator", "02.SimpleCalculator\02.SimpleCalculator.csproj", "{F7B8985D-6336-4F27-9D33-B3C55544C6C6}"
EndProject
Project("{FAE04EC0-301F-11D3-BF4B-00C04F79EFBC}") = "03.DecimalToBinaryConverter", "03.DecimalToBinaryConverter\03.DecimalToBinaryConverter.csproj", "{1D406504-2EF0-44F0-8D10-94C5D061D50B}"
EndProject
Project("{FAE04EC0-301F-11D3-BF4B-00C04F79EFBC}") = "04.MatchingBrackets", "04.MatchingBrackets\04.MatchingBrackets.csproj", "{C18EEC42-223E-4C51-91A6-72F72167CE76}"
EndProject
Project("{FAE04EC0-301F-11D3-BF4B-00C04F79EFBC}") = "05.HotPotato", "05.HotPotato\05.HotPotato.csproj", "{F6DF201E-ED8B-48C9-8281-F91039EE3FF6}"
EndProject
Project("{FAE04EC0-301F-11D3-BF4B-00C04F79EFBC}") = "06.MathPotato", "06.MathPotato\06.MathPotato.csproj", "{03899B39-462B-4D40-86FE-9DC16EC75F16}"
EndProject
Project("{FAE04EC0-301F-11D3-BF4B-00C04F79EFBC}") = "07.TrafficJam", "07.TrafficJam\07.TrafficJam.csproj", "{B7701FE1-1A1D-4793-BDC7-6BD8E2ABEC9D}"
EndProject
Global
	GlobalSection(SolutionConfigurationPlatforms) = preSolution
		Debug|Any CPU = Debug|Any CPU
		Release|Any CPU = Release|Any CPU
	EndGlobalSection
	GlobalSection(ProjectConfigurationPlatforms) = postSolution
		{7647529E-9D4C-40C0-BCDE-B2974AEFA549}.Debug|Any CPU.ActiveCfg = Debug|Any CPU
		{7647529E-9D4C-40C0-BCDE-B2974AEFA549}.Debug|Any CPU.Build.0 = Debug|Any CPU
		{7647529E-9D4C-40C0-BCDE-B2974AEFA549}.Release|Any CPU.ActiveCfg = Release|Any CPU
		{7647529E-9D4C-40C0-BCDE-B2974AEFA549}.Release|Any CPU.Build.0 = Release|Any CPU
		{F7B8985D-6336-4F27-9D33-B3C55544C6C6}.Debug|Any CPU.ActiveCfg = Debug|Any CPU
		{F7B8985D-6336-4F27-9D33-B3C55544C6C6}.Debug|Any CPU.Build.0 = Debug|Any CPU
		{F7B8985D-6336-4F27-9D33-B3C55544C6C6}.Release|Any CPU.ActiveCfg = Release|Any CPU
		{F7B8985D-6336-4F27-9D33-B3C55544C6C6}.Release|Any CPU.Build.0 = Release|Any CPU
		{1D406504-2EF0-44F0-8D10-94C5D061D50B}.Debug|Any CPU.ActiveCfg = Debug|Any CPU
		{1D406504-2EF0-44F0-8D10-94C5D061D50B}.Debug|Any CPU.Build.0 = Debug|Any CPU
		{1D406504-2EF0-44F0-8D10-94C5D061D50B}.Release|Any CPU.ActiveCfg = Release|Any CPU
		{1D406504-2EF0-44F0-8D10-94C5D061D50B}.Release|Any CPU.Build.0 = Release|Any CPU
		{C18EEC42-223E-4C51-91A6-72F72167CE76}.Debug|Any CPU.ActiveCfg = Debug|Any CPU
		{C18EEC42-223E-4C51-91A6-72F72167CE76}.Debug|Any CPU.Build.0 = Debug|Any CPU
		{C18EEC42-223E-4C51-91A6-72F72167CE76}.Release|Any CPU.ActiveCfg = Release|Any CPU
		{C18EEC42-223E-4C51-91A6-72F72167CE76}.Release|Any CPU.Build.0 = Release|Any CPU
		{F6DF201E-ED8B-48C9-8281-F91039EE3FF6}.Debug|Any CPU.ActiveCfg = Debug|Any CPU
		{F6DF201E-ED8B-48C9-8281-F91039EE3FF6}.Debug|Any CPU.Build.0 = Debug|Any CPU
		{F6DF201E-ED8B-48C9-8281-F91039EE3FF6}.Release|Any CPU.ActiveCfg = Release|Any CPU
		{F6DF201E-ED8B-48C9-8281-F91039EE3FF6}.Release|Any CPU.Build.0 = Release|Any CPU
		{03899B39-462B-4D40-86FE-9DC16EC75F16}.Debug|Any CPU.ActiveCfg = Debug|Any CPU
		{03899B39-462B-4D40-86FE-9DC16EC75F16}.Debug|Any CPU.Build.0 = Debug|Any CPU
		{03899B39-462B-4D40-86FE-9DC16EC75F16}.Release|Any CPU.ActiveCfg = Release|Any CPU
		{03899B39-462B-4D40-86FE-9DC16EC75F16}.Release|Any CPU.Build.0 = Release|Any CPU
		{B7701FE1-1A1D-4793-BDC7-6BD8E2ABEC9D}.Debug|Any CPU.ActiveCfg = Debug|Any CPU
		{B7701FE1-1A1D-4793-BDC7-6BD8E2ABEC9D}.Debug|Any CPU.Build.0 = Debug|Any CPU
		{B7701FE1-1A1D-4793-BDC7-6BD8E2ABEC9D}.Release|Any CPU.ActiveCfg = Release|Any CPU
		{B7701FE1-1A1D-4793-BDC7-6BD8E2ABEC9D}.Release|Any CPU.Build.0 = Release|Any CPU
	EndGlobalSection
	GlobalSection(SolutionProperties) = preSolution
		HideSolutionNode = FALSE
	EndGlobalSection
	GlobalSection(ExtensibilityGlobals) = postSolution
		SolutionGuid = {1B66F6F1-5478-40B6-9642-E1DC261A02B4}
	EndGlobalSection
EndGlobal
