
Microsoft Visual Studio Solution File, Format Version 12.00
# Visual Studio 15
VisualStudioVersion = 15.0.27130.2020
MinimumVisualStudioVersion = 10.0.40219.1
Project("{9A19103F-16F7-4668-BE54-9A1E7A4F7556}") = "01.Person", "01.Person\01.Person.csproj", "{88081180-5EBD-4A63-BA8D-41D5746B7789}"
EndProject
Project("{9A19103F-16F7-4668-BE54-9A1E7A4F7556}") = "02.BookShop", "02.BookShop\02.BookShop.csproj", "{8C71676B-488B-49A0-BE1E-D399723CC13B}"
EndProject
Project("{9A19103F-16F7-4668-BE54-9A1E7A4F7556}") = "03.ManKind", "03.ManKind\03.ManKind.csproj", "{4E803D0D-DABD-44EF-BCBA-8550C40C34AB}"
EndProject
Project("{9A19103F-16F7-4668-BE54-9A1E7A4F7556}") = "04.OnlineRadionDatabase", "04.OnlineRadionDatabase\04.OnlineRadionDatabase.csproj", "{67D935DA-3C35-4BE3-BEC2-C17583D90302}"
EndProject
Project("{FAE04EC0-301F-11D3-BF4B-00C04F79EFBC}") = "05.MordorCrueltyPlan", "05.MordorCrueltyPlan\05.MordorCrueltyPlan.csproj", "{063A11C4-9F64-4BF9-BDCB-2C4479B1AF1E}"
EndProject
Project("{FAE04EC0-301F-11D3-BF4B-00C04F79EFBC}") = "06.Animals", "06.Animals\06.Animals.csproj", "{70ED99D5-AEBA-42DF-991E-BEAA941B4ED3}"
EndProject
Global
	GlobalSection(SolutionConfigurationPlatforms) = preSolution
		Debug|Any CPU = Debug|Any CPU
		Release|Any CPU = Release|Any CPU
	EndGlobalSection
	GlobalSection(ProjectConfigurationPlatforms) = postSolution
		{88081180-5EBD-4A63-BA8D-41D5746B7789}.Debug|Any CPU.ActiveCfg = Debug|Any CPU
		{88081180-5EBD-4A63-BA8D-41D5746B7789}.Debug|Any CPU.Build.0 = Debug|Any CPU
		{88081180-5EBD-4A63-BA8D-41D5746B7789}.Release|Any CPU.ActiveCfg = Release|Any CPU
		{88081180-5EBD-4A63-BA8D-41D5746B7789}.Release|Any CPU.Build.0 = Release|Any CPU
		{8C71676B-488B-49A0-BE1E-D399723CC13B}.Debug|Any CPU.ActiveCfg = Debug|Any CPU
		{8C71676B-488B-49A0-BE1E-D399723CC13B}.Debug|Any CPU.Build.0 = Debug|Any CPU
		{8C71676B-488B-49A0-BE1E-D399723CC13B}.Release|Any CPU.ActiveCfg = Release|Any CPU
		{8C71676B-488B-49A0-BE1E-D399723CC13B}.Release|Any CPU.Build.0 = Release|Any CPU
		{4E803D0D-DABD-44EF-BCBA-8550C40C34AB}.Debug|Any CPU.ActiveCfg = Debug|Any CPU
		{4E803D0D-DABD-44EF-BCBA-8550C40C34AB}.Debug|Any CPU.Build.0 = Debug|Any CPU
		{4E803D0D-DABD-44EF-BCBA-8550C40C34AB}.Release|Any CPU.ActiveCfg = Release|Any CPU
		{4E803D0D-DABD-44EF-BCBA-8550C40C34AB}.Release|Any CPU.Build.0 = Release|Any CPU
		{67D935DA-3C35-4BE3-BEC2-C17583D90302}.Debug|Any CPU.ActiveCfg = Debug|Any CPU
		{67D935DA-3C35-4BE3-BEC2-C17583D90302}.Debug|Any CPU.Build.0 = Debug|Any CPU
		{67D935DA-3C35-4BE3-BEC2-C17583D90302}.Release|Any CPU.ActiveCfg = Release|Any CPU
		{67D935DA-3C35-4BE3-BEC2-C17583D90302}.Release|Any CPU.Build.0 = Release|Any CPU
		{063A11C4-9F64-4BF9-BDCB-2C4479B1AF1E}.Debug|Any CPU.ActiveCfg = Debug|Any CPU
		{063A11C4-9F64-4BF9-BDCB-2C4479B1AF1E}.Debug|Any CPU.Build.0 = Debug|Any CPU
		{063A11C4-9F64-4BF9-BDCB-2C4479B1AF1E}.Release|Any CPU.ActiveCfg = Release|Any CPU
		{063A11C4-9F64-4BF9-BDCB-2C4479B1AF1E}.Release|Any CPU.Build.0 = Release|Any CPU
		{70ED99D5-AEBA-42DF-991E-BEAA941B4ED3}.Debug|Any CPU.ActiveCfg = Debug|Any CPU
		{70ED99D5-AEBA-42DF-991E-BEAA941B4ED3}.Debug|Any CPU.Build.0 = Debug|Any CPU
		{70ED99D5-AEBA-42DF-991E-BEAA941B4ED3}.Release|Any CPU.ActiveCfg = Release|Any CPU
		{70ED99D5-AEBA-42DF-991E-BEAA941B4ED3}.Release|Any CPU.Build.0 = Release|Any CPU
	EndGlobalSection
	GlobalSection(SolutionProperties) = preSolution
		HideSolutionNode = FALSE
	EndGlobalSection
	GlobalSection(ExtensibilityGlobals) = postSolution
		SolutionGuid = {884A2F89-1609-437B-95D5-5794739BDBF5}
	EndGlobalSection
EndGlobal
